<?xml version="1.0" encoding="UTF-8" standalone="yes" ?>
<CodeBlocks_project_file>
	<FileVersion major="1" minor="6" />
	<Project>
		<Option title="Custom_ATM" />
		<Option pch_mode="2" />
		<Option compiler="gcc" />
		<Build>
			<Target title="Debug">
				<Option output="bin/Debug/Custom_ATM" prefix_auto="1" extension_auto="1" />
				<Option object_output="obj/Debug/" />
				<Option type="1" />
				<Option compiler="gcc" />
				<Compiler>
					<Add option="-g" />
				</Compiler>
			</Target>
			<Target title="Release">
				<Option output="bin/Release/Custom_ATM" prefix_auto="1" extension_auto="1" />
				<Option object_output="obj/Release/" />
				<Option type="1" />
				<Option compiler="gcc" />
				<Compiler>
					<Add option="-O2" />
				</Compiler>
				<Linker>
					<Add option="-s" />
				</Linker>
			</Target>
		</Build>
		<Compiler>
			<Add option="-Wall" />
			<Add option="-fexceptions" />
		</Compiler>
		<Unit filename="../new_project/ATM.cpp" />
		<Unit filename="../new_project/ATM.h" />
		<Unit filename="../new_project/Custom_ATM.cpp" />
		<Unit filename="../new_project/Custom_ATM.h" />
		<Unit filename="../new_project/Staff.cpp" />
		<Unit filename="../new_project/Staff.h" />
		<Unit filename="../new_project/User.cpp" />
		<Unit filename="../new_project/User.h" />
		<Unit filename="../new_project/input.txt" />
		<Unit filename="../new_project/log.txt" />
		<Extensions>
			<code_completion />
			<envvars />
			<debugger />
		</Extensions>
	</Project>
</CodeBlocks_project_file>
